
Microsoft Visual Studio Solution File, Format Version 12.00
# Visual Studio 15
VisualStudioVersion = 15.0.26430.14
MinimumVisualStudioVersion = 10.0.40219.1
Project("{FAE04EC0-301F-11D3-BF4B-00C04F79EFBC}") = "01. Remove Negatives and Reverse", "01. Remove Negatives and Reverse\01. Remove Negatives and Reverse.csproj", "{C54C5E59-76D7-4CBB-A879-368C65DCB054}"
EndProject
Project("{FAE04EC0-301F-11D3-BF4B-00C04F79EFBC}") = "05. Sort Numbers", "05. Sort Numbers\05. Sort Numbers.csproj", "{892DBC1B-1BC0-4EED-BB4B-95D172236774}"
EndProject
Project("{FAE04EC0-301F-11D3-BF4B-00C04F79EFBC}") = "02. Append Numbers", "02. Append Numbers\02. Append Numbers.csproj", "{E8617364-3568-4C77-807E-CA9CC7A90CB5}"
EndProject
Project("{FAE04EC0-301F-11D3-BF4B-00C04F79EFBC}") = "03. Sum Adjacent Equal Numbers", "03. Sum Adjacent Equal Numbers\03. Sum Adjacent Equal Numbers.csproj", "{B7D93A87-054E-4657-B701-FB099AE4B78B}"
EndProject
Project("{FAE04EC0-301F-11D3-BF4B-00C04F79EFBC}") = "04. Split by Word Casing", "04. Split by Word Casing\04. Split by Word Casing.csproj", "{8F6E96E3-AEDF-47AD-ACB6-C50750961777}"
EndProject
Project("{FAE04EC0-301F-11D3-BF4B-00C04F79EFBC}") = "06. Square Numbers", "06. Square Numbers\06. Square Numbers.csproj", "{98474FE9-AC8D-4319-9209-10DDA894103A}"
EndProject
Project("{FAE04EC0-301F-11D3-BF4B-00C04F79EFBC}") = "07. Count Numbers", "07. Count Numbers\07. Count Numbers.csproj", "{BF4F7880-A7C7-4626-BBC7-9DADF9EFADD7}"
EndProject
Global
	GlobalSection(SolutionConfigurationPlatforms) = preSolution
		Debug|Any CPU = Debug|Any CPU
		Release|Any CPU = Release|Any CPU
	EndGlobalSection
	GlobalSection(ProjectConfigurationPlatforms) = postSolution
		{C54C5E59-76D7-4CBB-A879-368C65DCB054}.Debug|Any CPU.ActiveCfg = Debug|Any CPU
		{C54C5E59-76D7-4CBB-A879-368C65DCB054}.Debug|Any CPU.Build.0 = Debug|Any CPU
		{C54C5E59-76D7-4CBB-A879-368C65DCB054}.Release|Any CPU.ActiveCfg = Release|Any CPU
		{C54C5E59-76D7-4CBB-A879-368C65DCB054}.Release|Any CPU.Build.0 = Release|Any CPU
		{892DBC1B-1BC0-4EED-BB4B-95D172236774}.Debug|Any CPU.ActiveCfg = Debug|Any CPU
		{892DBC1B-1BC0-4EED-BB4B-95D172236774}.Debug|Any CPU.Build.0 = Debug|Any CPU
		{892DBC1B-1BC0-4EED-BB4B-95D172236774}.Release|Any CPU.ActiveCfg = Release|Any CPU
		{892DBC1B-1BC0-4EED-BB4B-95D172236774}.Release|Any CPU.Build.0 = Release|Any CPU
		{E8617364-3568-4C77-807E-CA9CC7A90CB5}.Debug|Any CPU.ActiveCfg = Debug|Any CPU
		{E8617364-3568-4C77-807E-CA9CC7A90CB5}.Debug|Any CPU.Build.0 = Debug|Any CPU
		{E8617364-3568-4C77-807E-CA9CC7A90CB5}.Release|Any CPU.ActiveCfg = Release|Any CPU
		{E8617364-3568-4C77-807E-CA9CC7A90CB5}.Release|Any CPU.Build.0 = Release|Any CPU
		{B7D93A87-054E-4657-B701-FB099AE4B78B}.Debug|Any CPU.ActiveCfg = Debug|Any CPU
		{B7D93A87-054E-4657-B701-FB099AE4B78B}.Debug|Any CPU.Build.0 = Debug|Any CPU
		{B7D93A87-054E-4657-B701-FB099AE4B78B}.Release|Any CPU.ActiveCfg = Release|Any CPU
		{B7D93A87-054E-4657-B701-FB099AE4B78B}.Release|Any CPU.Build.0 = Release|Any CPU
		{8F6E96E3-AEDF-47AD-ACB6-C50750961777}.Debug|Any CPU.ActiveCfg = Debug|Any CPU
		{8F6E96E3-AEDF-47AD-ACB6-C50750961777}.Debug|Any CPU.Build.0 = Debug|Any CPU
		{8F6E96E3-AEDF-47AD-ACB6-C50750961777}.Release|Any CPU.ActiveCfg = Release|Any CPU
		{8F6E96E3-AEDF-47AD-ACB6-C50750961777}.Release|Any CPU.Build.0 = Release|Any CPU
		{98474FE9-AC8D-4319-9209-10DDA894103A}.Debug|Any CPU.ActiveCfg = Debug|Any CPU
		{98474FE9-AC8D-4319-9209-10DDA894103A}.Debug|Any CPU.Build.0 = Debug|Any CPU
		{98474FE9-AC8D-4319-9209-10DDA894103A}.Release|Any CPU.ActiveCfg = Release|Any CPU
		{98474FE9-AC8D-4319-9209-10DDA894103A}.Release|Any CPU.Build.0 = Release|Any CPU
		{BF4F7880-A7C7-4626-BBC7-9DADF9EFADD7}.Debug|Any CPU.ActiveCfg = Debug|Any CPU
		{BF4F7880-A7C7-4626-BBC7-9DADF9EFADD7}.Debug|Any CPU.Build.0 = Debug|Any CPU
		{BF4F7880-A7C7-4626-BBC7-9DADF9EFADD7}.Release|Any CPU.ActiveCfg = Release|Any CPU
		{BF4F7880-A7C7-4626-BBC7-9DADF9EFADD7}.Release|Any CPU.Build.0 = Release|Any CPU
	EndGlobalSection
	GlobalSection(SolutionProperties) = preSolution
		HideSolutionNode = FALSE
	EndGlobalSection
EndGlobal
